
Microsoft Visual Studio Solution File, Format Version 12.00
Project("{FAE04EC0-301F-11D3-BF4B-00C04F79EFBC}") = "TgBotHelpers", "TgBotHelpers\TgBotHelpers.csproj", "{C27C8348-70A1-404D-9707-A14FB3CB3C69}"
EndProject
Project("{FAE04EC0-301F-11D3-BF4B-00C04F79EFBC}") = "Core", "Core\Core.csproj", "{11728AB5-D07D-4D52-9FB0-FB07D6215489}"
EndProject
Global
	GlobalSection(SolutionConfigurationPlatforms) = preSolution
		Debug|Any CPU = Debug|Any CPU
		Release|Any CPU = Release|Any CPU
	EndGlobalSection
	GlobalSection(ProjectConfigurationPlatforms) = postSolution
		{C27C8348-70A1-404D-9707-A14FB3CB3C69}.Debug|Any CPU.ActiveCfg = Debug|Any CPU
		{C27C8348-70A1-404D-9707-A14FB3CB3C69}.Debug|Any CPU.Build.0 = Debug|Any CPU
		{C27C8348-70A1-404D-9707-A14FB3CB3C69}.Release|Any CPU.ActiveCfg = Release|Any CPU
		{C27C8348-70A1-404D-9707-A14FB3CB3C69}.Release|Any CPU.Build.0 = Release|Any CPU
		{11728AB5-D07D-4D52-9FB0-FB07D6215489}.Debug|Any CPU.ActiveCfg = Debug|Any CPU
		{11728AB5-D07D-4D52-9FB0-FB07D6215489}.Debug|Any CPU.Build.0 = Debug|Any CPU
		{11728AB5-D07D-4D52-9FB0-FB07D6215489}.Release|Any CPU.ActiveCfg = Release|Any CPU
		{11728AB5-D07D-4D52-9FB0-FB07D6215489}.Release|Any CPU.Build.0 = Release|Any CPU
	EndGlobalSection
EndGlobal
